{
  "name": "data",
  "lockfileVersion": 3,
  "requires": true,
  "packages": {
    "": {
      "dependencies": {
        "jsrsasign": "^10.8.3",
        "jsrsasign-util": "^1.0.5"
      }
    },
    "node_modules/jsonc-parser": {
      "version": "3.2.0",
      "resolved": "https://registry.npmjs.org/jsonc-parser/-/jsonc-parser-3.2.0.tgz",
      "integrity": "sha512-gfFQZrcTc8CnKXp6Y4/CBT3fTc0OVuDofpre4aEeEpSBPV5X5v4+Vmx+8snU7RLPrNHPKSgLxGo9YuQzz20o+w=="
    },
    "node_modules/jsrsasign": {
      "version": "10.8.3",
      "resolved": "https://registry.npmjs.org/jsrsasign/-/jsrsasign-10.8.3.tgz",
      "integrity": "sha512-qo4fCYo/doi/JaheOBf5uJ36AkxXxom/C3sQD77uchpasr7CLQCojn2hY4ipO1ob9ypAQFxgV0yWJM0i5E7w/g==",
      "funding": {
        "url": "https://github.com/kjur/jsrsasign#donations"
      }
    },
    "node_modules/jsrsasign-util": {
      "version": "1.0.5",
      "resolved": "https://registry.npmjs.org/jsrsasign-util/-/jsrsasign-util-1.0.5.tgz",
      "integrity": "sha512-e5Kp8aaT5GH2c5X8j4uaJruYmT4GcnaGb47nw8m60YqPywtnOtTISZ9hZgtZ3a+jh7B27bU2LCf3Y32wZyfhtQ==",
      "dependencies": {
        "jsonc-parser": ">= 0.0.1",
        "jsrsasign": ">= 4.8.2"
      }
    }
  }
}
